lockfileVersion: '6.0'

settings:
  autoInstallPeers: true
  excludeLinksFromLockfile: false

dependencies:
  '@tanstack/react-query':
    specifier: ^5.24.8
    version: 5.24.8(react@18.2.0)

packages:

  /@tanstack/query-core@5.24.8:
    resolution: {integrity: sha512-yH7KnfXMf10p1U5GffTQzFi2Miiw6WJZImGYGdV7eqa5ZbKO8qVx9lOA9SfhIaJXomrMp1Yz5w/CBhVM3yWeTA==}
    dev: false

  /@tanstack/react-query@5.24.8(react@18.2.0):
    resolution: {integrity: sha512-jB3JS9SzDmBySk9VVOTPt/0ixWEb3K3dy9IExlVl/1NouY3N7HzAqG/1d4m6E9eFfKJoLvA/hBksaLu0lw627A==}
    peerDependencies:
      react: ^18.0.0
    dependencies:
      '@tanstack/query-core': 5.24.8
      react: 18.2.0
    dev: false

  /js-tokens@4.0.0:
    resolution: {integrity: sha512-RdJUflcE3cUzKiMqQgsCu06FPu9UdIJO0beYbPhHN4k6apgJtifcoCtT9bcxOpYBtpD2kCM6Sbzg4CausW/PKQ==}
    dev: false

  /loose-envify@1.4.0:
    resolution: {integrity: sha512-lyuxPGr/Wfhrlem2CL/UcnUc1zcqKAImBDzukY7Y5F/yQiNdko6+fRLevlw1HgMySw7f611UIY408EtxRSoK3Q==}
    hasBin: true
    dependencies:
      js-tokens: 4.0.0
    dev: false

  /react@18.2.0:
    resolution: {integrity: sha512-/3IjMdb2L9QbBdWiW5e3P2/npwMBaU9mHCSCUzNln0ZCYbcfTsGbTJrU/kGemdH2IWmB2ioZ+zkxtmq6g09fGQ==}
    engines: {node: '>=0.10.0'}
    dependencies:
      loose-envify: 1.4.0
    dev: false
